
Microsoft Visual Studio Solution File, Format Version 12.00
# Visual Studio Version 17
VisualStudioVersion = 17.1.32328.378
MinimumVisualStudioVersion = 10.0.40219.1
Project("{FAE04EC0-301F-11D3-BF4B-00C04F79EFBC}") = "AssessmentGenerator", "AssessmentGenerator\AssessmentGenerator.csproj", "{14BA9204-3F4B-4A47-AFD2-46EBEAF441D3}"
EndProject
Project("{FAE04EC0-301F-11D3-BF4B-00C04F79EFBC}") = "AssessmentGenerator.UnitTests", "AssessmentGenerator.UnitTests\AssessmentGenerator.UnitTests.csproj", "{81FA12DA-7B3C-4FEF-8BF3-71C0322DE0CF}"
EndProject
Global
	GlobalSection(SolutionConfigurationPlatforms) = preSolution
		Debug|Any CPU = Debug|Any CPU
		Release|Any CPU = Release|Any CPU
	EndGlobalSection
	GlobalSection(ProjectConfigurationPlatforms) = postSolution
		{14BA9204-3F4B-4A47-AFD2-46EBEAF441D3}.Debug|Any CPU.ActiveCfg = Debug|Any CPU
		{14BA9204-3F4B-4A47-AFD2-46EBEAF441D3}.Debug|Any CPU.Build.0 = Debug|Any CPU
		{14BA9204-3F4B-4A47-AFD2-46EBEAF441D3}.Release|Any CPU.ActiveCfg = Release|Any CPU
		{14BA9204-3F4B-4A47-AFD2-46EBEAF441D3}.Release|Any CPU.Build.0 = Release|Any CPU
		{81FA12DA-7B3C-4FEF-8BF3-71C0322DE0CF}.Debug|Any CPU.ActiveCfg = Debug|Any CPU
		{81FA12DA-7B3C-4FEF-8BF3-71C0322DE0CF}.Debug|Any CPU.Build.0 = Debug|Any CPU
		{81FA12DA-7B3C-4FEF-8BF3-71C0322DE0CF}.Release|Any CPU.ActiveCfg = Release|Any CPU
		{81FA12DA-7B3C-4FEF-8BF3-71C0322DE0CF}.Release|Any CPU.Build.0 = Release|Any CPU
	EndGlobalSection
	GlobalSection(SolutionProperties) = preSolution
		HideSolutionNode = FALSE
	EndGlobalSection
	GlobalSection(ExtensibilityGlobals) = postSolution
		SolutionGuid = {2C86F8E2-854B-47B1-8DC3-5745C6E1BDEA}
	EndGlobalSection
EndGlobal
